
Microsoft Visual Studio Solution File, Format Version 12.00
# Visual Studio 15
VisualStudioVersion = 15.0.28010.2003
MinimumVisualStudioVersion = 10.0.40219.1
Project("{FAE04EC0-301F-11D3-BF4B-00C04F79EFBC}") = "QEQ", "QEQ\QEQ.csproj", "{EE881805-1D98-45A9-8B47-5FDECF4571C9}"
EndProject
Global
	GlobalSection(SolutionConfigurationPlatforms) = preSolution
		Debug|Any CPU = Debug|Any CPU
		Release|Any CPU = Release|Any CPU
	EndGlobalSection
	GlobalSection(ProjectConfigurationPlatforms) = postSolution
		{EE881805-1D98-45A9-8B47-5FDECF4571C9}.Debug|Any CPU.ActiveCfg = Debug|Any CPU
		{EE881805-1D98-45A9-8B47-5FDECF4571C9}.Debug|Any CPU.Build.0 = Debug|Any CPU
		{EE881805-1D98-45A9-8B47-5FDECF4571C9}.Release|Any CPU.ActiveCfg = Release|Any CPU
		{EE881805-1D98-45A9-8B47-5FDECF4571C9}.Release|Any CPU.Build.0 = Release|Any CPU
	EndGlobalSection
	GlobalSection(SolutionProperties) = preSolution
		HideSolutionNode = FALSE
	EndGlobalSection
	GlobalSection(ExtensibilityGlobals) = postSolution
		SolutionGuid = {9312A36B-AF4E-49EA-9B66-C85128A0AF69}
	EndGlobalSection
EndGlobal
